
Microsoft Visual Studio Solution File, Format Version 12.00
# Visual Studio Version 17
VisualStudioVersion = 17.5.33530.505
MinimumVisualStudioVersion = 10.0.40219.1
Project("{9A19103F-16F7-4668-BE54-9A1E7A4F7556}") = "BulkyWeb", "BulkyWeb\BulkyWeb.csproj", "{A59ED889-67B8-40D7-B587-AA8A0AB3F892}"
EndProject
Project("{FAE04EC0-301F-11D3-BF4B-00C04F79EFBC}") = "BulkyWebRazor_Temp", "BulkyWebRazor_Temp\BulkyWebRazor_Temp.csproj", "{F5706125-B66D-4671-A8EF-A2DDEA8A62C2}"
EndProject
Project("{9A19103F-16F7-4668-BE54-9A1E7A4F7556}") = "Bulky.DataAccess", "Bulky.DataAccess\Bulky.DataAccess.csproj", "{E7066861-02B1-42BF-87BF-999575618E1C}"
EndProject
Project("{9A19103F-16F7-4668-BE54-9A1E7A4F7556}") = "Bulky.Models", "Bulky.Models\Bulky.Models.csproj", "{15CAE50E-3C41-4B3D-ACAC-9AF95898D115}"
EndProject
Project("{9A19103F-16F7-4668-BE54-9A1E7A4F7556}") = "Bulky.Utility", "Bulky.Utility\Bulky.Utility.csproj", "{70398017-2E86-460E-9393-128709B90EE5}"
EndProject
Global
	GlobalSection(SolutionConfigurationPlatforms) = preSolution
		Debug|Any CPU = Debug|Any CPU
		Release|Any CPU = Release|Any CPU
	EndGlobalSection
	GlobalSection(ProjectConfigurationPlatforms) = postSolution
		{A59ED889-67B8-40D7-B587-AA8A0AB3F892}.Debug|Any CPU.ActiveCfg = Debug|Any CPU
		{A59ED889-67B8-40D7-B587-AA8A0AB3F892}.Debug|Any CPU.Build.0 = Debug|Any CPU
		{A59ED889-67B8-40D7-B587-AA8A0AB3F892}.Release|Any CPU.ActiveCfg = Release|Any CPU
		{A59ED889-67B8-40D7-B587-AA8A0AB3F892}.Release|Any CPU.Build.0 = Release|Any CPU
		{F5706125-B66D-4671-A8EF-A2DDEA8A62C2}.Debug|Any CPU.ActiveCfg = Debug|Any CPU
		{F5706125-B66D-4671-A8EF-A2DDEA8A62C2}.Debug|Any CPU.Build.0 = Debug|Any CPU
		{F5706125-B66D-4671-A8EF-A2DDEA8A62C2}.Release|Any CPU.ActiveCfg = Release|Any CPU
		{F5706125-B66D-4671-A8EF-A2DDEA8A62C2}.Release|Any CPU.Build.0 = Release|Any CPU
		{E7066861-02B1-42BF-87BF-999575618E1C}.Debug|Any CPU.ActiveCfg = Debug|Any CPU
		{E7066861-02B1-42BF-87BF-999575618E1C}.Debug|Any CPU.Build.0 = Debug|Any CPU
		{E7066861-02B1-42BF-87BF-999575618E1C}.Release|Any CPU.ActiveCfg = Release|Any CPU
		{E7066861-02B1-42BF-87BF-999575618E1C}.Release|Any CPU.Build.0 = Release|Any CPU
		{15CAE50E-3C41-4B3D-ACAC-9AF95898D115}.Debug|Any CPU.ActiveCfg = Debug|Any CPU
		{15CAE50E-3C41-4B3D-ACAC-9AF95898D115}.Debug|Any CPU.Build.0 = Debug|Any CPU
		{15CAE50E-3C41-4B3D-ACAC-9AF95898D115}.Release|Any CPU.ActiveCfg = Release|Any CPU
		{15CAE50E-3C41-4B3D-ACAC-9AF95898D115}.Release|Any CPU.Build.0 = Release|Any CPU
		{70398017-2E86-460E-9393-128709B90EE5}.Debug|Any CPU.ActiveCfg = Debug|Any CPU
		{70398017-2E86-460E-9393-128709B90EE5}.Debug|Any CPU.Build.0 = Debug|Any CPU
		{70398017-2E86-460E-9393-128709B90EE5}.Release|Any CPU.ActiveCfg = Release|Any CPU
		{70398017-2E86-460E-9393-128709B90EE5}.Release|Any CPU.Build.0 = Release|Any CPU
	EndGlobalSection
	GlobalSection(SolutionProperties) = preSolution
		HideSolutionNode = FALSE
	EndGlobalSection
	GlobalSection(ExtensibilityGlobals) = postSolution
		SolutionGuid = {02EE3329-17BB-40E2-A627-ACD7960DA1D0}
	EndGlobalSection
EndGlobal
